
Microsoft Visual Studio Solution File, Format Version 12.00
# Visual Studio 2012
Project("{FAE04EC0-301F-11D3-BF4B-00C04F79EFBC}") = "CoreWithMySql", "CoreWithMySql\CoreWithMySql.csproj", "{AA0D81C4-E76B-435C-ABC9-F6AEB3C1D716}"
EndProject
Global
	GlobalSection(SolutionConfigurationPlatforms) = preSolution
		Debug|Any CPU = Debug|Any CPU
		Release|Any CPU = Release|Any CPU
	EndGlobalSection
	GlobalSection(ProjectConfigurationPlatforms) = postSolution
		{AA0D81C4-E76B-435C-ABC9-F6AEB3C1D716}.Debug|Any CPU.ActiveCfg = Debug|Any CPU
		{AA0D81C4-E76B-435C-ABC9-F6AEB3C1D716}.Debug|Any CPU.Build.0 = Debug|Any CPU
		{AA0D81C4-E76B-435C-ABC9-F6AEB3C1D716}.Release|Any CPU.ActiveCfg = Release|Any CPU
		{AA0D81C4-E76B-435C-ABC9-F6AEB3C1D716}.Release|Any CPU.Build.0 = Release|Any CPU
	EndGlobalSection
EndGlobal
